// !$*UTF8*$!
{
	archiveVersion = 1;
	classes = {
	};
	objectVersion = 46;
	objects = {

/* Begin PBXBuildFile section */
		10BDEE6D1E0B6730005A542F /* main.m in Sources */ = {isa = PBXBuildFile; fileRef = 10BDEE6C1E0B6730005A542F /* main.m */; };
		10BDEE701E0B6730005A542F /* AppDelegate.m in Sources */ = {isa = PBXBuildFile; fileRef = 10BDEE6F1E0B6730005A542F /* AppDelegate.m */; };
		10BDEE731E0B6730005A542F /* ViewController.m in Sources */ = {isa = PBXBuildFile; fileRef = 10BDEE721E0B6730005A542F /* ViewController.m */; };
		10BDEE761E0B6731005A542F /* Main.storyboard in Resources */ = {isa = PBXBuildFile; fileRef = 10BDEE741E0B6731005A542F /* Main.storyboard */; };
		10BDEE781E0B6731005A542F /* Assets.xcassets in Resources */ = {isa = PBXBuildFile; fileRef = 10BDEE771E0B6731005A542F /* Assets.xcassets */; };
		10BDEE7B1E0B6731005A542F /* LaunchScreen.storyboard in Resources */ = {isa = PBXBuildFile; fileRef = 10BDEE791E0B6731005A542F /* LaunchScreen.storyboard */; };
		10BDEE841E0B6D6D005A542F /* LuckWheelView.m in Sources */ = {isa = PBXBuildFile; fileRef = 10BDEE831E0B6D6D005A542F /* LuckWheelView.m */; };
		10BDEE8A1E0B73A1005A542F /* PointerView.m in Sources */ = {isa = PBXBuildFile; fileRef = 10BDEE891E0B73A1005A542F /* PointerView.m */; };
		10E968701E0CF82D0034F44A /* Home_refresh_bg.png in Resources */ = {isa = PBXBuildFile; fileRef = 10E9686F1E0CF82D0034F44A /* Home_refresh_bg.png */; };
		10E968721E0CFAF80034F44A /* radar_background@2x.png in Resources */ = {isa = PBXBuildFile; fileRef = 10E968711E0CFAF80034F44A /* radar_background@2x.png */; };
		2D2935C1D3BFE06C4B97CC9E /* libPods-LuckyWheel.a in Frameworks */ = {isa = PBXBuildFile; fileRef = 11DAAF9B3529E377B7494C79 /* libPods-LuckyWheel.a */; };
/* End PBXBuildFile section */

/* Begin PBXFileReference section */
		10BDEE681E0B6730005A542F /* LuckyWheel.app */ = {isa = PBXFileReference; explicitFileType = wrapper.application; includeInIndex = 0; path = LuckyWheel.app; sourceTree = BUILT_PRODUCTS_DIR; };
		10BDEE6C1E0B6730005A542F /* main.m */ = {isa = PBXFileReference; lastKnownFileType = sourcecode.c.objc; path = main.m; sourceTree = "<group>"; };
		10BDEE6E1E0B6730005A542F /* AppDelegate.h */ = {isa = PBXFileReference; lastKnownFileType = sourcecode.c.h; path = AppDelegate.h; sourceTree = "<group>"; };
		10BDEE6F1E0B6730005A542F /* AppDelegate.m */ = {isa = PBXFileReference; lastKnownFileType = sourcecode.c.objc; path = AppDelegate.m; sourceTree = "<group>"; };
		10BDEE711E0B6730005A542F /* ViewController.h */ = {isa = PBXFileReference; lastKnownFileType = sourcecode.c.h; path = ViewController.h; sourceTree = "<group>"; };
		10BDEE721E0B6730005A542F /* ViewController.m */ = {isa = PBXFileReference; lastKnownFileType = sourcecode.c.objc; path = ViewController.m; sourceTree = "<group>"; };
		10BDEE751E0B6731005A542F /* Base */ = {isa = PBXFileReference; lastKnownFileType = file.storyboard; name = Base; path = Base.lproj/Main.storyboard; sourceTree = "<group>"; };
		10BDEE771E0B6731005A542F /* Assets.xcassets */ = {isa = PBXFileReference; lastKnownFileType = folder.assetcatalog; path = Assets.xcassets; sourceTree = "<group>"; };
		10BDEE7A1E0B6731005A542F /* Base */ = {isa = PBXFileReference; lastKnownFileType = file.storyboard; name = Base; path = Base.lproj/LaunchScreen.storyboard; sourceTree = "<group>"; };
		10BDEE7C1E0B6731005A542F /* Info.plist */ = {isa = PBXFileReference; lastKnownFileType = text.plist.xml; path = Info.plist; sourceTree = "<group>"; };
		10BDEE821E0B6D6D005A542F /* LuckWheelView.h */ = {isa = PBXFileReference; fileEncoding = 4; lastKnownFileType = sourcecode.c.h; path = LuckWheelView.h; sourceTree = "<group>"; };
		10BDEE831E0B6D6D005A542F /* LuckWheelView.m */ = {isa = PBXFileReference; fileEncoding = 4; lastKnownFileType = sourcecode.c.objc; path = LuckWheelView.m; sourceTree = "<group>"; };
		10BDEE881E0B73A1005A542F /* PointerView.h */ = {isa = PBXFileReference; fileEncoding = 4; lastKnownFileType = sourcecode.c.h; path = PointerView.h; sourceTree = "<group>"; };
		10BDEE891E0B73A1005A542F /* PointerView.m */ = {isa = PBXFileReference; fileEncoding = 4; lastKnownFileType = sourcecode.c.objc; path = PointerView.m; sourceTree = "<group>"; };
		10BDEE8B1E0B74EC005A542F /* PrefixHeader.pch */ = {isa = PBXFileReference; lastKnownFileType = sourcecode.c.h; name = PrefixHeader.pch; path = ../PrefixHeader.pch; sourceTree = "<group>"; };
		10BDEE8C1E0B7538005A542F /* Macro.h */ = {isa = PBXFileReference; lastKnownFileType = sourcecode.c.h; path = Macro.h; sourceTree = "<group>"; };
		10E9686F1E0CF82D0034F44A /* Home_refresh_bg.png */ = {isa = PBXFileReference; lastKnownFileType = image.png; path = Home_refresh_bg.png; sourceTree = "<group>"; };
		10E968711E0CFAF80034F44A /* radar_background@2x.png */ = {isa = PBXFileReference; lastKnownFileType = image.png; path = "radar_background@2x.png"; sourceTree = "<group>"; };
		11DAAF9B3529E377B7494C79 /* libPods-LuckyWheel.a */ = {isa = PBXFileReference; explicitFileType = archive.ar; includeInIndex = 0; path = "libPods-LuckyWheel.a"; sourceTree = BUILT_PRODUCTS_DIR; };
		8FBD762BD3BD552E1C4C7092 /* Pods-LuckyWheel.debug.xcconfig */ = {isa = PBXFileReference; includeInIndex = 1; lastKnownFileType = text.xcconfig; name = "Pods-LuckyWheel.debug.xcconfig"; path = "Pods/Target Support Files/Pods-LuckyWheel/Pods-LuckyWheel.debug.xcconfig"; sourceTree = "<group>"; };
		AB3F492C2F9A50EFC630B629 /* Pods-LuckyWheel.release.xcconfig */ = {isa = PBXFileReference; includeInIndex = 1; lastKnownFileType = text.xcconfig; name = "Pods-LuckyWheel.release.xcconfig"; path = "Pods/Target Support Files/Pods-LuckyWheel/Pods-LuckyWheel.release.xcconfig"; sourceTree = "<group>"; };
/* End PBXFileReference section */

/* Begin PBXFrameworksBuildPhase section */
		10BDEE651E0B672F005A542F /* Frameworks */ = {
			isa = PBXFrameworksBuildPhase;
			buildActionMask = 2147483647;
			files = (
				2D2935C1D3BFE06C4B97CC9E /* libPods-LuckyWheel.a in Frameworks */,
			);
			runOnlyForDeploymentPostprocessing = 0;
		};
/* End PBXFrameworksBuildPhase section */

/* Begin PBXGroup section */
		10BDEE5F1E0B672F005A542F = {
			isa = PBXGroup;
			children = (
				10BDEE6A1E0B6730005A542F /* LuckyWheel */,
				10BDEE691E0B6730005A542F /* Products */,
				C9428711C9C74556668D9A6D /* Pods */,
				4DD33BE8E44F1E3A1E8B7FB2 /* Frameworks */,
			);
			sourceTree = "<group>";
		};
		10BDEE691E0B6730005A542F /* Products */ = {
			isa = PBXGroup;
			children = (
				10BDEE681E0B6730005A542F /* LuckyWheel.app */,
			);
			name = Products;
			sourceTree = "<group>";
		};
		10BDEE6A1E0B6730005A542F /* LuckyWheel */ = {
			isa = PBXGroup;
			children = (
				10BDEE881E0B73A1005A542F /* PointerView.h */,
				10BDEE891E0B73A1005A542F /* PointerView.m */,
				10BDEE821E0B6D6D005A542F /* LuckWheelView.h */,
				10BDEE831E0B6D6D005A542F /* LuckWheelView.m */,
				10BDEE6E1E0B6730005A542F /* AppDelegate.h */,
				10BDEE6F1E0B6730005A542F /* AppDelegate.m */,
				10BDEE711E0B6730005A542F /* ViewController.h */,
				10BDEE721E0B6730005A542F /* ViewController.m */,
				10BDEE741E0B6731005A542F /* Main.storyboard */,
				10BDEE771E0B6731005A542F /* Assets.xcassets */,
				10BDEE791E0B6731005A542F /* LaunchScreen.storyboard */,
				10BDEE7C1E0B6731005A542F /* Info.plist */,
				10E968711E0CFAF80034F44A /* radar_background@2x.png */,
				10E9686F1E0CF82D0034F44A /* Home_refresh_bg.png */,
				10BDEE6B1E0B6730005A542F /* Supporting Files */,
			);
			path = LuckyWheel;
			sourceTree = "<group>";
		};
		10BDEE6B1E0B6730005A542F /* Supporting Files */ = {
			isa = PBXGroup;
			children = (
				10BDEE8B1E0B74EC005A542F /* PrefixHeader.pch */,
				10BDEE8C1E0B7538005A542F /* Macro.h */,
				10BDEE6C1E0B6730005A542F /* main.m */,
			);
			name = "Supporting Files";
			sourceTree = "<group>";
		};
		4DD33BE8E44F1E3A1E8B7FB2 /* Frameworks */ = {
			isa = PBXGroup;
			children = (
				11DAAF9B3529E377B7494C79 /* libPods-LuckyWheel.a */,
			);
			name = Frameworks;
			sourceTree = "<group>";
		};
		C9428711C9C74556668D9A6D /* Pods */ = {
			isa = PBXGroup;
			children = (
				8FBD762BD3BD552E1C4C7092 /* Pods-LuckyWheel.debug.xcconfig */,
				AB3F492C2F9A50EFC630B629 /* Pods-LuckyWheel.release.xcconfig */,
			);
			name = Pods;
			sourceTree = "<group>";
		};
/* End PBXGroup section */

/* Begin PBXNativeTarget section */
		10BDEE671E0B672F005A542F /* LuckyWheel */ = {
			isa = PBXNativeTarget;
			buildConfigurationList = 10BDEE7F1E0B6731005A542F /* Build configuration list for PBXNativeTarget "LuckyWheel" */;
			buildPhases = (
				1CB2967F7206FFD1286D562D /* [CP] Check Pods Manifest.lock */,
				10BDEE641E0B672F005A542F /* Sources */,
				10BDEE651E0B672F005A542F /* Frameworks */,
				10BDEE661E0B672F005A542F /* Resources */,
				C6E21135FEC911C8953B397F /* [CP] Embed Pods Frameworks */,
				C380CDCF52AD294B6BA446B9 /* [CP] Copy Pods Resources */,
			);
			buildRules = (
			);
			dependencies = (
			);
			name = LuckyWheel;
			productName = LuckyWheel;
			productReference = 10BDEE681E0B6730005A542F /* LuckyWheel.app */;
			productType = "com.apple.product-type.application";
		};
/* End PBXNativeTarget section */

/* Begin PBXProject section */
		10BDEE601E0B672F005A542F /* Project object */ = {
			isa = PBXProject;
			attributes = {
				LastUpgradeCheck = 0720;
				ORGANIZATIONNAME = MDS;
				TargetAttributes = {
					10BDEE671E0B672F005A542F = {
						CreatedOnToolsVersion = 7.2;
					};
				};
			};
			buildConfigurationList = 10BDEE631E0B672F005A542F /* Build configuration list for PBXProject "LuckyWheel" */;
			compatibilityVersion = "Xcode 3.2";
			developmentRegion = English;
			hasScannedForEncodings = 0;
			knownRegions = (
				en,
				Base,
			);
			mainGroup = 10BDEE5F1E0B672F005A542F;
			productRefGroup = 10BDEE691E0B6730005A542F /* Products */;
			projectDirPath = "";
			projectRoot = "";
			targets = (
				10BDEE671E0B672F005A542F /* LuckyWheel */,
			);
		};
/* End PBXProject section */

/* Begin PBXResourcesBuildPhase section */
		10BDEE661E0B672F005A542F /* Resources */ = {
			isa = PBXResourcesBuildPhase;
			buildActionMask = 2147483647;
			files = (
				10E968721E0CFAF80034F44A /* radar_background@2x.png in Resources */,
				10BDEE7B1E0B6731005A542F /* LaunchScreen.storyboard in Resources */,
				10E968701E0CF82D0034F44A /* Home_refresh_bg.png in Resources */,
				10BDEE781E0B6731005A542F /* Assets.xcassets in Resources */,
				10BDEE761E0B6731005A542F /* Main.storyboard in Resources */,
			);
			runOnlyForDeploymentPostprocessing = 0;
		};
/* End PBXResourcesBuildPhase section */

/* Begin PBXShellScriptBuildPhase section */
		1CB2967F7206FFD1286D562D /* [CP] Check Pods Manifest.lock */ = {
			isa = PBXShellScriptBuildPhase;
			buildActionMask = 2147483647;
			files = (
			);
			inputPaths = (
			);
			name = "[CP] Check Pods Manifest.lock";
			outputPaths = (
			);
			runOnlyForDeploymentPostprocessing = 0;
			shellPath = /bin/sh;
			shellScript = "diff \"${PODS_ROOT}/../Podfile.lock\" \"${PODS_ROOT}/Manifest.lock\" > /dev/null\nif [ $? != 0 ] ; then\n    # print error to STDERR\n    echo \"error: The sandbox is not in sync with the Podfile.lock. Run 'pod install' or update your CocoaPods installation.\" >&2\n    exit 1\nfi\n";
			showEnvVarsInLog = 0;
		};
		C380CDCF52AD294B6BA446B9 /* [CP] Copy Pods Resources */ = {
			isa = PBXShellScriptBuildPhase;
			buildActionMask = 2147483647;
			files = (
			);
			inputPaths = (
			);
			name = "[CP] Copy Pods Resources";
			outputPaths = (
			);
			runOnlyForDeploymentPostprocessing = 0;
			shellPath = /bin/sh;
			shellScript = "\"${SRCROOT}/Pods/Target Support Files/Pods-LuckyWheel/Pods-LuckyWheel-resources.sh\"\n";
			showEnvVarsInLog = 0;
		};
		C6E21135FEC911C8953B397F /* [CP] Embed Pods Frameworks */ = {
			isa = PBXShellScriptBuildPhase;
			buildActionMask = 2147483647;
			files = (
			);
			inputPaths = (
			);
			name = "[CP] Embed Pods Frameworks";
			outputPaths = (
			);
			runOnlyForDeploymentPostprocessing = 0;
			shellPath = /bin/sh;
			shellScript = "\"${SRCROOT}/Pods/Target Support Files/Pods-LuckyWheel/Pods-LuckyWheel-frameworks.sh\"\n";
			showEnvVarsInLog = 0;
		};
/* End PBXShellScriptBuildPhase section */

/* Begin PBXSourcesBuildPhase section */
		10BDEE641E0B672F005A542F /* Sources */ = {
			isa = PBXSourcesBuildPhase;
			buildActionMask = 2147483647;
			files = (
				10BDEE731E0B6730005A542F /* ViewController.m in Sources */,
				10BDEE841E0B6D6D005A542F /* LuckWheelView.m in Sources */,
				10BDEE701E0B6730005A542F /* AppDelegate.m in Sources */,
				10BDEE6D1E0B6730005A542F /* main.m in Sources */,
				10BDEE8A1E0B73A1005A542F /* PointerView.m in Sources */,
			);
			runOnlyForDeploymentPostprocessing = 0;
		};
/* End PBXSourcesBuildPhase section */

/* Begin PBXVariantGroup section */
		10BDEE741E0B6731005A542F /* Main.storyboard */ = {
			isa = PBXVariantGroup;
			children = (
				10BDEE751E0B6731005A542F /* Base */,
			);
			name = Main.storyboard;
			sourceTree = "<group>";
		};
		10BDEE791E0B6731005A542F /* LaunchScreen.storyboard */ = {
			isa = PBXVariantGroup;
			children = (
				10BDEE7A1E0B6731005A542F /* Base */,
			);
			name = LaunchScreen.storyboard;
			sourceTree = "<group>";
		};
/* End PBXVariantGroup section */

/* Begin XCBuildConfiguration section */
		10BDEE7D1E0B6731005A542F /* Debug */ = {
			isa = XCBuildConfiguration;
			buildSettings = {
				ALWAYS_SEARCH_USER_PATHS = NO;
				CLANG_CXX_LANGUAGE_STANDARD = "gnu++0x";
				CLANG_CXX_LIBRARY = "libc++";
				CLANG_ENABLE_MODULES = YES;
				CLANG_ENABLE_OBJC_ARC = YES;
				CLANG_WARN_BOOL_CONVERSION = YES;
				CLANG_WARN_CONSTANT_CONVERSION = YES;
				CLANG_WARN_DIRECT_OBJC_ISA_USAGE = YES_ERROR;
				CLANG_WARN_EMPTY_BODY = YES;
				CLANG_WARN_ENUM_CONVERSION = YES;
				CLANG_WARN_INT_CONVERSION = YES;
				CLANG_WARN_OBJC_ROOT_CLASS = YES_ERROR;
				CLANG_WARN_UNREACHABLE_CODE = YES;
				CLANG_WARN__DUPLICATE_METHOD_MATCH = YES;
				"CODE_SIGN_IDENTITY[sdk=iphoneos*]" = "iPhone Developer";
				COPY_PHASE_STRIP = NO;
				DEBUG_INFORMATION_FORMAT = dwarf;
				ENABLE_STRICT_OBJC_MSGSEND = YES;
				ENABLE_TESTABILITY = YES;
				GCC_C_LANGUAGE_STANDARD = gnu99;
				GCC_DYNAMIC_NO_PIC = NO;
				GCC_NO_COMMON_BLOCKS = YES;
				GCC_OPTIMIZATION_LEVEL = 0;
				GCC_PREPROCESSOR_DEFINITIONS = (
					"DEBUG=1",
					"$(inherited)",
				);
				GCC_WARN_64_TO_32_BIT_CONVERSION = YES;
				GCC_WARN_ABOUT_RETURN_TYPE = YES_ERROR;
				GCC_WARN_UNDECLARED_SELECTOR = YES;
				GCC_WARN_UNINITIALIZED_AUTOS = YES_AGGRESSIVE;
				GCC_WARN_UNUSED_FUNCTION = YES;
				GCC_WARN_UNUSED_VARIABLE = YES;
				IPHONEOS_DEPLOYMENT_TARGET = 9.2;
				MTL_ENABLE_DEBUG_INFO = YES;
				ONLY_ACTIVE_ARCH = YES;
				SDKROOT = iphoneos;
				TARGETED_DEVICE_FAMILY = "1,2";
			};
			name = Debug;
		};
		10BDEE7E1E0B6731005A542F /* Release */ = {
			isa = XCBuildConfiguration;
			buildSettings = {
				ALWAYS_SEARCH_USER_PATHS = NO;
				CLANG_CXX_LANGUAGE_STANDARD = "gnu++0x";
				CLANG_CXX_LIBRARY = "libc++";
				CLANG_ENABLE_MODULES = YES;
				CLANG_ENABLE_OBJC_ARC = YES;
				CLANG_WARN_BOOL_CONVERSION = YES;
				CLANG_WARN_CONSTANT_CONVERSION = YES;
				CLANG_WARN_DIRECT_OBJC_ISA_USAGE = YES_ERROR;
				CLANG_WARN_EMPTY_BODY = YES;
				CLANG_WARN_ENUM_CONVERSION = YES;
				CLANG_WARN_INT_CONVERSION = YES;
				CLANG_WARN_OBJC_ROOT_CLASS = YES_ERROR;
				CLANG_WARN_UNREACHABLE_CODE = YES;
				CLANG_WARN__DUPLICATE_METHOD_MATCH = YES;
				"CODE_SIGN_IDENTITY[sdk=iphoneos*]" = "iPhone Developer";
				COPY_PHASE_STRIP = NO;
				DEBUG_INFORMATION_FORMAT = "dwarf-with-dsym";
				ENABLE_NS_ASSERTIONS = NO;
				ENABLE_STRICT_OBJC_MSGSEND = YES;
				GCC_C_LANGUAGE_STANDARD = gnu99;
				GCC_NO_COMMON_BLOCKS = YES;
				GCC_WARN_64_TO_32_BIT_CONVERSION = YES;
				GCC_WARN_ABOUT_RETURN_TYPE = YES_ERROR;
				GCC_WARN_UNDECLARED_SELECTOR = YES;
				GCC_WARN_UNINITIALIZED_AUTOS = YES_AGGRESSIVE;
				GCC_WARN_UNUSED_FUNCTION = YES;
				GCC_WARN_UNUSED_VARIABLE = YES;
				IPHONEOS_DEPLOYMENT_TARGET = 9.2;
				MTL_ENABLE_DEBUG_INFO = NO;
				SDKROOT = iphoneos;
				TARGETED_DEVICE_FAMILY = "1,2";
				VALIDATE_PRODUCT = YES;
			};
			name = Release;
		};
		10BDEE801E0B6731005A542F /* Debug */ = {
			isa = XCBuildConfiguration;
			baseConfigurationReference = 8FBD762BD3BD552E1C4C7092 /* Pods-LuckyWheel.debug.xcconfig */;
			buildSettings = {
				ASSETCATALOG_COMPILER_APPICON_NAME = AppIcon;
				ASSETCATALOG_COMPILER_LAUNCHIMAGE_NAME = "Brand Assets";
				GCC_PREFIX_HEADER = /Users/jinyuheng/Desktop/zuoyongyong_ios/LuckyWheel/LuckyWheel/PrefixHeader.pch;
				INFOPLIST_FILE = LuckyWheel/Info.plist;
				IPHONEOS_DEPLOYMENT_TARGET = 7.0;
				LD_RUNPATH_SEARCH_PATHS = "$(inherited) @executable_path/Frameworks";
				PRODUCT_BUNDLE_IDENTIFIER = com.mds.LuckyWheel;
				PRODUCT_NAME = "$(TARGET_NAME)";
			};
			name = Debug;
		};
		10BDEE811E0B6731005A542F /* Release */ = {
			isa = XCBuildConfiguration;
			baseConfigurationReference = AB3F492C2F9A50EFC630B629 /* Pods-LuckyWheel.release.xcconfig */;
			buildSettings = {
				ASSETCATALOG_COMPILER_APPICON_NAME = AppIcon;
				ASSETCATALOG_COMPILER_LAUNCHIMAGE_NAME = "Brand Assets";
				GCC_PREFIX_HEADER = /Users/jinyuheng/Desktop/zuoyongyong_ios/LuckyWheel/LuckyWheel/PrefixHeader.pch;
				INFOPLIST_FILE = LuckyWheel/Info.plist;
				IPHONEOS_DEPLOYMENT_TARGET = 7.0;
				LD_RUNPATH_SEARCH_PATHS = "$(inherited) @executable_path/Frameworks";
				PRODUCT_BUNDLE_IDENTIFIER = com.mds.LuckyWheel;
				PRODUCT_NAME = "$(TARGET_NAME)";
			};
			name = Release;
		};
/* End XCBuildConfiguration section */

/* Begin XCConfigurationList section */
		10BDEE631E0B672F005A542F /* Build configuration list for PBXProject "LuckyWheel" */ = {
			isa = XCConfigurationList;
			buildConfigurations = (
				10BDEE7D1E0B6731005A542F /* Debug */,
				10BDEE7E1E0B6731005A542F /* Release */,
			);
			defaultConfigurationIsVisible = 0;
			defaultConfigurationName = Release;
		};
		10BDEE7F1E0B6731005A542F /* Build configuration list for PBXNativeTarget "LuckyWheel" */ = {
			isa = XCConfigurationList;
			buildConfigurations = (
				10BDEE801E0B6731005A542F /* Debug */,
				10BDEE811E0B6731005A542F /* Release */,
			);
			defaultConfigurationIsVisible = 0;
			defaultConfigurationName = Release;
		};
/* End XCConfigurationList section */
	};
	rootObject = 10BDEE601E0B672F005A542F /* Project object */;
}
